
Microsoft Visual Studio Solution File, Format Version 12.00
# Visual Studio 15
VisualStudioVersion = 15.0.27004.2006
MinimumVisualStudioVersion = 10.0.40219.1
Project("{FAE04EC0-301F-11D3-BF4B-00C04F79EFBC}") = "Promedio", "Promedio\Promedio.csproj", "{9374CDD0-2E61-4528-9B81-C831392979F8}"
EndProject
Global
	GlobalSection(SolutionConfigurationPlatforms) = preSolution
		Debug|Any CPU = Debug|Any CPU
		Release|Any CPU = Release|Any CPU
	EndGlobalSection
	GlobalSection(ProjectConfigurationPlatforms) = postSolution
		{9374CDD0-2E61-4528-9B81-C831392979F8}.Debug|Any CPU.ActiveCfg = Debug|Any CPU
		{9374CDD0-2E61-4528-9B81-C831392979F8}.Debug|Any CPU.Build.0 = Debug|Any CPU
		{9374CDD0-2E61-4528-9B81-C831392979F8}.Release|Any CPU.ActiveCfg = Release|Any CPU
		{9374CDD0-2E61-4528-9B81-C831392979F8}.Release|Any CPU.Build.0 = Release|Any CPU
	EndGlobalSection
	GlobalSection(SolutionProperties) = preSolution
		HideSolutionNode = FALSE
	EndGlobalSection
	GlobalSection(ExtensibilityGlobals) = postSolution
		SolutionGuid = {4BEEB5A7-27A6-4045-8964-1AA111E2327E}
	EndGlobalSection
EndGlobal
